
Microsoft Visual Studio Solution File, Format Version 12.00
# Visual Studio Version 16
VisualStudioVersion = 16.0.31005.135
MinimumVisualStudioVersion = 10.0.40219.1
Project("{FAE04EC0-301F-11D3-BF4B-00C04F79EFBC}") = "APIDocTool.Web", "APIDocTool.Web\APIDocTool.Web.csproj", "{AAA10119-9C7E-4254-AB0F-D33EE05065D4}"
EndProject
Global
	GlobalSection(SolutionConfigurationPlatforms) = preSolution
		Debug|Any CPU = Debug|Any CPU
		Release|Any CPU = Release|Any CPU
	EndGlobalSection
	GlobalSection(ProjectConfigurationPlatforms) = postSolution
		{AAA10119-9C7E-4254-AB0F-D33EE05065D4}.Debug|Any CPU.ActiveCfg = Debug|Any CPU
		{AAA10119-9C7E-4254-AB0F-D33EE05065D4}.Debug|Any CPU.Build.0 = Debug|Any CPU
		{AAA10119-9C7E-4254-AB0F-D33EE05065D4}.Release|Any CPU.ActiveCfg = Release|Any CPU
		{AAA10119-9C7E-4254-AB0F-D33EE05065D4}.Release|Any CPU.Build.0 = Release|Any CPU
	EndGlobalSection
	GlobalSection(SolutionProperties) = preSolution
		HideSolutionNode = FALSE
	EndGlobalSection
	GlobalSection(ExtensibilityGlobals) = postSolution
		SolutionGuid = {99A91B3A-A117-4A35-A50C-1ACEDF5068F5}
	EndGlobalSection
EndGlobal
